// !$*UTF8*$!
{
	archiveVersion = 1;
	classes = {
	};
	objectVersion = 46;
	objects = {

/* Begin PBXBuildFile section */
		0B03582E2000128B00F75CD2 /* StructureScene.mm in Sources */ = {isa = PBXBuildFile; fileRef = 0B03582C2000128B00F75CD2 /* StructureScene.mm */; };
		0B0358322000167100F75CD2 /* SkywalkScene.mm in Sources */ = {isa = PBXBuildFile; fileRef = 0B0358302000167100F75CD2 /* SkywalkScene.mm */; };
		0B03583520054BAA00F75CD2 /* CampanileScene.mm in Sources */ = {isa = PBXBuildFile; fileRef = 0B03583320054BAA00F75CD2 /* CampanileScene.mm */; };
		0B03583720055ABB00F75CD2 /* campanileView.xib in Resources */ = {isa = PBXBuildFile; fileRef = 0B03583620055ABB00F75CD2 /* campanileView.xib */; };
		0B0BEE6E1F87EFD4008BC076 /* GLKit.framework in Frameworks */ = {isa = PBXBuildFile; fileRef = 0B0BEE6D1F87EFD4008BC076 /* GLKit.framework */; };
		0B0C0E971F8D053A00A173E7 /* Metal.framework in Frameworks */ = {isa = PBXBuildFile; fileRef = 0B0C0E961F8D053A00A173E7 /* Metal.framework */; };
		0B0CBD0F1FDB40C800A9B223 /* skywalk_1920_back.png in Resources */ = {isa = PBXBuildFile; fileRef = 0B0CBD0E1FDB40C800A9B223 /* skywalk_1920_back.png */; };
		0B0CBD121FDF4B5800A9B223 /* StaticARManager.mm in Sources */ = {isa = PBXBuildFile; fileRef = 0B0CBD101FDF4B5800A9B223 /* StaticARManager.mm */; };
		0B0CBD151FE0547700A9B223 /* skywalk_south1.dat in Resources */ = {isa = PBXBuildFile; fileRef = 0B0CBD131FE0547600A9B223 /* skywalk_south1.dat */; };
		0B0CBD161FE0547700A9B223 /* skywalk_south1.xml in Resources */ = {isa = PBXBuildFile; fileRef = 0B0CBD141FE0547600A9B223 /* skywalk_south1.xml */; };
		0B15734B1F5451BF004CE1BE /* MainPageViewController.mm in Sources */ = {isa = PBXBuildFile; fileRef = 0B15734A1F5451BF004CE1BE /* MainPageViewController.mm */; };
		0B1573581F55BE3C004CE1BE /* line3d.mm in Sources */ = {isa = PBXBuildFile; fileRef = 0B1573561F55BE3C004CE1BE /* line3d.mm */; };
		0B15735B1F5621C9004CE1BE /* LoadMarker.mm in Sources */ = {isa = PBXBuildFile; fileRef = 0B1573591F5621C9004CE1BE /* LoadMarker.mm */; };
		0B1FCD461FBCA2F2002DBE98 /* VuforiaARManager.mm in Sources */ = {isa = PBXBuildFile; fileRef = 0B1FCD441FBCA2F2002DBE98 /* VuforiaARManager.mm */; };
		0B1FCD471FBDDFB6002DBE98 /* opencv2.framework in Frameworks */ = {isa = PBXBuildFile; fileRef = 0B1FCD3F1FBB429F002DBE98 /* opencv2.framework */; };
		0B1FCD4A1FBDE1C4002DBE98 /* cvARManager.mm in Sources */ = {isa = PBXBuildFile; fileRef = 0B1FCD481FBDE1C4002DBE98 /* cvARManager.mm */; };
		0B2AAB851FD87D4100DD477B /* skywalk_sunny_1920.png in Resources */ = {isa = PBXBuildFile; fileRef = 0B2AAB841FD87D4100DD477B /* skywalk_sunny_1920.png */; };
		0B2ACE1A200E814900230D67 /* CircleArrow.mm in Sources */ = {isa = PBXBuildFile; fileRef = 0B2ACE19200E814900230D67 /* CircleArrow.mm */; };
		0B2ACE1D2018F8F000230D67 /* campanile_stock_cropped.jpg in Resources */ = {isa = PBXBuildFile; fileRef = 0B2ACE1C2018F8F000230D67 /* campanile_stock_cropped.jpg */; };
		0B2ACE1F2018F95900230D67 /* isuofficallogo_light.png in Resources */ = {isa = PBXBuildFile; fileRef = 0B2ACE1E2018F95800230D67 /* isuofficallogo_light.png */; };
		0B2ACE212019259900230D67 /* campanile_static.JPG in Resources */ = {isa = PBXBuildFile; fileRef = 0B2ACE202019259900230D67 /* campanile_static.JPG */; };
		0B36C09B201BD28600D7B346 /* campanile_exterior.obj in Resources */ = {isa = PBXBuildFile; fileRef = 0B36C099201BD28600D7B346 /* campanile_exterior.obj */; };
		0B36C09C201BD28600D7B346 /* campanile_interior.obj in Resources */ = {isa = PBXBuildFile; fileRef = 0B36C09A201BD28600D7B346 /* campanile_interior.obj */; };
		0B41E99A1F72BC04001DB823 /* home_blue.png in Resources */ = {isa = PBXBuildFile; fileRef = 0B41E9991F72BC04001DB823 /* home_blue.png */; };
		0B483BFB1F4DDB6F007A1D29 /* skywalk.jpg in Resources */ = {isa = PBXBuildFile; fileRef = 0B483BFA1F4DDB6F007A1D29 /* skywalk.jpg */; };
		0B483C001F4F8AF9007A1D29 /* arrow_base.obj in Resources */ = {isa = PBXBuildFile; fileRef = 0B483BFE1F4F8AF9007A1D29 /* arrow_base.obj */; };
		0B483C011F4F8AF9007A1D29 /* arrow_tip.obj in Resources */ = {isa = PBXBuildFile; fileRef = 0B483BFF1F4F8AF9007A1D29 /* arrow_tip.obj */; };
		0B483C031F4F8BF5007A1D29 /* grabbableArrow.mm in Sources */ = {isa = PBXBuildFile; fileRef = 0B483C021F4F8BF5007A1D29 /* grabbableArrow.mm */; };
		0B483C061F4F9051007A1D29 /* SceneKit.framework in Frameworks */ = {isa = PBXBuildFile; fileRef = 0B483C051F4F9051007A1D29 /* SceneKit.framework */; };
		0B483C081F4F9063007A1D29 /* ModelIO.framework in Frameworks */ = {isa = PBXBuildFile; fileRef = 0B483C071F4F9063007A1D29 /* ModelIO.framework */; };
		0B4F29B11FE0846C0067C439 /* skywalk_south_far.jpg in Resources */ = {isa = PBXBuildFile; fileRef = 0B4F29B01FE0846C0067C439 /* skywalk_south_far.jpg */; };
		0B5A92BB2006BA6D00D58422 /* moment_arrow.obj in Resources */ = {isa = PBXBuildFile; fileRef = 0B5A92BA2006BA6D00D58422 /* moment_arrow.obj */; };
		0B5F39DE1F843975004870DE /* Shaders.metal in Sources */ = {isa = PBXBuildFile; fileRef = 0B5F39DD1F843975004870DE /* Shaders.metal */; };
		0B5F39E51F844CEF004870DE /* skywalk_far.dat in Resources */ = {isa = PBXBuildFile; fileRef = 0B5F39E31F844CEF004870DE /* skywalk_far.dat */; };
		0B5F39E61F844CEF004870DE /* skywalk_far.xml in Resources */ = {isa = PBXBuildFile; fileRef = 0B5F39E41F844CEF004870DE /* skywalk_far.xml */; };
		0B6E6A9D1FCF7EB500EE7950 /* cutout_skywalk_3840x2160.png in Resources */ = {isa = PBXBuildFile; fileRef = 0B6E6A9C1FCF7EB500EE7950 /* cutout_skywalk_3840x2160.png */; };
		0B79A12E1F7ABA5300632CE4 /* OverlayLabel.mm in Sources */ = {isa = PBXBuildFile; fileRef = 0B79A12C1F7ABA5300632CE4 /* OverlayLabel.mm */; };
		0B99FF611F47A79D00431996 /* skywalkView.xib in Resources */ = {isa = PBXBuildFile; fileRef = 0B99FF601F47A79D00431996 /* skywalkView.xib */; };
		0BAD78751F66C622003CAE93 /* PeopleVis.mm in Sources */ = {isa = PBXBuildFile; fileRef = 0BAD78731F66C622003CAE93 /* PeopleVis.mm */; };
		0BAD78781F66CDDE003CAE93 /* stick_man.png in Resources */ = {isa = PBXBuildFile; fileRef = 0BAD78761F66CDDE003CAE93 /* stick_man.png */; };
		0BAD78791F66CDDE003CAE93 /* stick_woman.png in Resources */ = {isa = PBXBuildFile; fileRef = 0BAD78771F66CDDE003CAE93 /* stick_woman.png */; };
		0BAFBB641F7EBAFE007B1FC6 /* SampleApplication3DModel.m in Sources */ = {isa = PBXBuildFile; fileRef = 0BAFBB4F1F7EBAFE007B1FC6 /* SampleApplication3DModel.m */; };
		0BAFBB651F7EBAFE007B1FC6 /* SampleApplicationSession.mm in Sources */ = {isa = PBXBuildFile; fileRef = 0BAFBB511F7EBAFE007B1FC6 /* SampleApplicationSession.mm */; };
		0BAFBB671F7EBAFE007B1FC6 /* SampleApplicationUtils.cpp in Sources */ = {isa = PBXBuildFile; fileRef = 0BAFBB541F7EBAFE007B1FC6 /* SampleApplicationUtils.cpp */; };
		0BAFBB701F7EBAFE007B1FC6 /* Texture.mm in Sources */ = {isa = PBXBuildFile; fileRef = 0BAFBB631F7EBAFE007B1FC6 /* Texture.mm */; };
		0BAFBB771F7ECD33007B1FC6 /* libVuforia.a in Frameworks */ = {isa = PBXBuildFile; fileRef = 0BAFBB761F7ECD33007B1FC6 /* libVuforia.a */; };
		0BAFBB791F7ECF15007B1FC6 /* AVFoundation.framework in Frameworks */ = {isa = PBXBuildFile; fileRef = 0BAFBB781F7ECF15007B1FC6 /* AVFoundation.framework */; };
		0BAFBB7B1F7ECF1E007B1FC6 /* CoreGraphics.framework in Frameworks */ = {isa = PBXBuildFile; fileRef = 0BAFBB7A1F7ECF1E007B1FC6 /* CoreGraphics.framework */; };
		0BAFBB7D1F7ECF2C007B1FC6 /* Foundation.framework in Frameworks */ = {isa = PBXBuildFile; fileRef = 0BAFBB7C1F7ECF2C007B1FC6 /* Foundation.framework */; };
		0BAFBB7F1F7ECF4A007B1FC6 /* SystemConfiguration.framework in Frameworks */ = {isa = PBXBuildFile; fileRef = 0BAFBB7E1F7ECF4A007B1FC6 /* SystemConfiguration.framework */; };
		0BAFBB811F7ECF63007B1FC6 /* CoreMedia.framework in Frameworks */ = {isa = PBXBuildFile; fileRef = 0BAFBB801F7ECF63007B1FC6 /* CoreMedia.framework */; };
		0BAFBB831F7ECF70007B1FC6 /* CoreMotion.framework in Frameworks */ = {isa = PBXBuildFile; fileRef = 0BAFBB821F7ECF70007B1FC6 /* CoreMotion.framework */; };
		0BAFBB861F7ED394007B1FC6 /* ARView.mm in Sources */ = {isa = PBXBuildFile; fileRef = 0BAFBB841F7ED394007B1FC6 /* ARView.mm */; };
		0BB1643C1F4732DC0053CA3B /* main.m in Sources */ = {isa = PBXBuildFile; fileRef = 0BB1643B1F4732DC0053CA3B /* main.m */; };
		0BB1643F1F4732DC0053CA3B /* AppDelegate.m in Sources */ = {isa = PBXBuildFile; fileRef = 0BB1643E1F4732DC0053CA3B /* AppDelegate.m */; };
		0BB164441F4732DC0053CA3B /* GameViewController.mm in Sources */ = {isa = PBXBuildFile; fileRef = 0BB164431F4732DC0053CA3B /* GameViewController.mm */; };
		0BB164471F4732DC0053CA3B /* Main.storyboard in Resources */ = {isa = PBXBuildFile; fileRef = 0BB164451F4732DC0053CA3B /* Main.storyboard */; };
		0BB164491F4732DC0053CA3B /* Assets.xcassets in Resources */ = {isa = PBXBuildFile; fileRef = 0BB164481F4732DC0053CA3B /* Assets.xcassets */; };
		0BB1644C1F4732DC0053CA3B /* LaunchScreen.storyboard in Resources */ = {isa = PBXBuildFile; fileRef = 0BB1644A1F4732DC0053CA3B /* LaunchScreen.storyboard */; };
		0BB5AD101FD1B3C8001C78CD /* cutout_skywalk_1920x1080.png in Resources */ = {isa = PBXBuildFile; fileRef = 0BB5AD0F1FD1B3C7001C78CD /* cutout_skywalk_1920x1080.png */; };
		0BD038A31F9513B8004B65F6 /* MetalKit.framework in Frameworks */ = {isa = PBXBuildFile; fileRef = 0BD038A21F9513B8004B65F6 /* MetalKit.framework */; };
		0BD038A61F97B38F004B65F6 /* low_clearance_sign.dat in Resources */ = {isa = PBXBuildFile; fileRef = 0BD038A41F97B38F004B65F6 /* low_clearance_sign.dat */; };
		0BD038A71F97B38F004B65F6 /* low_clearance_sign.xml in Resources */ = {isa = PBXBuildFile; fileRef = 0BD038A51F97B38F004B65F6 /* low_clearance_sign.xml */; };
		0BD8F1A320090E3B00DBF55D /* CampanileSeismicScene.mm in Sources */ = {isa = PBXBuildFile; fileRef = 0BD8F1A220090E3B00DBF55D /* CampanileSeismicScene.mm */; };
		0BD8F1A62009109800DBF55D /* campanileSeismicView.xib in Resources */ = {isa = PBXBuildFile; fileRef = 0BD8F1A52009109800DBF55D /* campanileSeismicView.xib */; };
		0BDE98DF1FBE4D43003673F4 /* ImageMatcher.cpp in Sources */ = {isa = PBXBuildFile; fileRef = 0BDE98DB1FBE4D42003673F4 /* ImageMatcher.cpp */; };
		0BDE98E01FBE4D43003673F4 /* MaskedImage.cpp in Sources */ = {isa = PBXBuildFile; fileRef = 0BDE98DE1FBE4D42003673F4 /* MaskedImage.cpp */; };
		0BDE98E31FBE521C003673F4 /* cutout_skywalk_1280x720.png in Resources */ = {isa = PBXBuildFile; fileRef = 0BDE98E21FBE521C003673F4 /* cutout_skywalk_1280x720.png */; };
		0BDF88E61F4B3BAE0014BFB7 /* testScene.scn in Resources */ = {isa = PBXBuildFile; fileRef = 0BDF88E51F4B3BAE0014BFB7 /* testScene.scn */; };
		0BE42D261F688DDA00937359 /* BezierLine.mm in Sources */ = {isa = PBXBuildFile; fileRef = 0BE42D241F688DDA00937359 /* BezierLine.mm */; };
		0BE4C5E11FAFB0E500A501C9 /* user_prefs.plist in Resources */ = {isa = PBXBuildFile; fileRef = 0BE4C5DF1FAFA95B00A501C9 /* user_prefs.plist */; };
		0BF623AB1F58C11C001B1775 /* SpriteKit.framework in Frameworks */ = {isa = PBXBuildFile; fileRef = 0BF623AA1F58C11C001B1775 /* SpriteKit.framework */; };
/* End PBXBuildFile section */

/* Begin PBXFileReference section */
		0B03582C2000128B00F75CD2 /* StructureScene.mm */ = {isa = PBXFileReference; lastKnownFileType = sourcecode.cpp.objcpp; path = StructureScene.mm; sourceTree = "<group>"; };
		0B03582D2000128B00F75CD2 /* StructureScene.h */ = {isa = PBXFileReference; lastKnownFileType = sourcecode.c.h; path = StructureScene.h; sourceTree = "<group>"; };
		0B0358302000167100F75CD2 /* SkywalkScene.mm */ = {isa = PBXFileReference; lastKnownFileType = sourcecode.cpp.objcpp; path = SkywalkScene.mm; sourceTree = "<group>"; };
		0B0358312000167100F75CD2 /* SkywalkScene.h */ = {isa = PBXFileReference; lastKnownFileType = sourcecode.c.h; path = SkywalkScene.h; sourceTree = "<group>"; };
		0B03583320054BAA00F75CD2 /* CampanileScene.mm */ = {isa = PBXFileReference; lastKnownFileType = sourcecode.cpp.objcpp; path = CampanileScene.mm; sourceTree = "<group>"; };
		0B03583420054BAA00F75CD2 /* CampanileScene.h */ = {isa = PBXFileReference; lastKnownFileType = sourcecode.c.h; path = CampanileScene.h; sourceTree = "<group>"; };
		0B03583620055ABB00F75CD2 /* campanileView.xib */ = {isa = PBXFileReference; lastKnownFileType = file.xib; path = campanileView.xib; sourceTree = "<group>"; };
		0B0BEE6D1F87EFD4008BC076 /* GLKit.framework */ = {isa = PBXFileReference; lastKnownFileType = wrapper.framework; name = GLKit.framework; path = System/Library/Frameworks/GLKit.framework; sourceTree = SDKROOT; };
		0B0C0E961F8D053A00A173E7 /* Metal.framework */ = {isa = PBXFileReference; lastKnownFileType = wrapper.framework; name = Metal.framework; path = System/Library/Frameworks/Metal.framework; sourceTree = SDKROOT; };
		0B0CBD0E1FDB40C800A9B223 /* skywalk_1920_back.png */ = {isa = PBXFileReference; lastKnownFileType = image.png; name = skywalk_1920_back.png; path = image_assets/skywalk_1920_back.png; sourceTree = "<group>"; };
		0B0CBD101FDF4B5800A9B223 /* StaticARManager.mm */ = {isa = PBXFileReference; lastKnownFileType = sourcecode.cpp.objcpp; path = StaticARManager.mm; sourceTree = "<group>"; };
		0B0CBD111FDF4B5800A9B223 /* StaticARManager.h */ = {isa = PBXFileReference; lastKnownFileType = sourcecode.c.h; path = StaticARManager.h; sourceTree = "<group>"; };
		0B0CBD131FE0547600A9B223 /* skywalk_south1.dat */ = {isa = PBXFileReference; lastKnownFileType = file; name = skywalk_south1.dat; path = image_assets/skywalk_south1.dat; sourceTree = "<group>"; };
		0B0CBD141FE0547600A9B223 /* skywalk_south1.xml */ = {isa = PBXFileReference; fileEncoding = 4; lastKnownFileType = text.xml; name = skywalk_south1.xml; path = image_assets/skywalk_south1.xml; sourceTree = "<group>"; };
		0B1573491F5451BF004CE1BE /* MainPageViewController.h */ = {isa = PBXFileReference; fileEncoding = 4; lastKnownFileType = sourcecode.c.h; path = MainPageViewController.h; sourceTree = "<group>"; };
		0B15734A1F5451BF004CE1BE /* MainPageViewController.mm */ = {isa = PBXFileReference; fileEncoding = 4; lastKnownFileType = sourcecode.cpp.objcpp; path = MainPageViewController.mm; sourceTree = "<group>"; };
		0B1573561F55BE3C004CE1BE /* line3d.mm */ = {isa = PBXFileReference; fileEncoding = 4; lastKnownFileType = sourcecode.cpp.objcpp; path = line3d.mm; sourceTree = "<group>"; };
		0B1573571F55BE3C004CE1BE /* line3d.h */ = {isa = PBXFileReference; fileEncoding = 4; lastKnownFileType = sourcecode.c.h; path = line3d.h; sourceTree = "<group>"; };
		0B1573591F5621C9004CE1BE /* LoadMarker.mm */ = {isa = PBXFileReference; fileEncoding = 4; lastKnownFileType = sourcecode.cpp.objcpp; path = LoadMarker.mm; sourceTree = "<group>"; };
		0B15735A1F5621C9004CE1BE /* LoadMarker.h */ = {isa = PBXFileReference; fileEncoding = 4; lastKnownFileType = sourcecode.c.h; path = LoadMarker.h; sourceTree = "<group>"; };
		0B1FCD3F1FBB429F002DBE98 /* opencv2.framework */ = {isa = PBXFileReference; lastKnownFileType = wrapper.framework; name = opencv2.framework; path = ../../../cv_build/ios/opencv2.framework; sourceTree = "<group>"; };
		0B1FCD421FBB6CCF002DBE98 /* ARManager.h */ = {isa = PBXFileReference; lastKnownFileType = sourcecode.c.h; path = ARManager.h; sourceTree = "<group>"; };
		0B1FCD441FBCA2F2002DBE98 /* VuforiaARManager.mm */ = {isa = PBXFileReference; lastKnownFileType = sourcecode.cpp.objcpp; path = VuforiaARManager.mm; sourceTree = "<group>"; };
		0B1FCD451FBCA2F2002DBE98 /* VuforiaARManager.h */ = {isa = PBXFileReference; lastKnownFileType = sourcecode.c.h; path = VuforiaARManager.h; sourceTree = "<group>"; };
		0B1FCD481FBDE1C4002DBE98 /* cvARManager.mm */ = {isa = PBXFileReference; lastKnownFileType = sourcecode.cpp.objcpp; path = cvARManager.mm; sourceTree = "<group>"; };
		0B1FCD491FBDE1C4002DBE98 /* cvARManager.h */ = {isa = PBXFileReference; lastKnownFileType = sourcecode.c.h; path = cvARManager.h; sourceTree = "<group>"; };
		0B2AAB841FD87D4100DD477B /* skywalk_sunny_1920.png */ = {isa = PBXFileReference; lastKnownFileType = image.png; name = skywalk_sunny_1920.png; path = image_assets/skywalk_sunny_1920.png; sourceTree = "<group>"; };
		0B2ACE19200E814900230D67 /* CircleArrow.mm */ = {isa = PBXFileReference; lastKnownFileType = sourcecode.cpp.objcpp; path = CircleArrow.mm; sourceTree = "<group>"; };
		0B2ACE1B200E815D00230D67 /* CircleArrow.h */ = {isa = PBXFileReference; lastKnownFileType = sourcecode.c.h; path = CircleArrow.h; sourceTree = "<group>"; };
		0B2ACE1C2018F8F000230D67 /* campanile_stock_cropped.jpg */ = {isa = PBXFileReference; lastKnownFileType = image.jpeg; name = campanile_stock_cropped.jpg; path = image_assets/campanile_stock_cropped.jpg; sourceTree = "<group>"; };
		0B2ACE1E2018F95800230D67 /* isuofficallogo_light.png */ = {isa = PBXFileReference; lastKnownFileType = image.png; name = isuofficallogo_light.png; path = image_assets/isuofficallogo_light.png; sourceTree = "<group>"; };
		0B2ACE202019259900230D67 /* campanile_static.JPG */ = {isa = PBXFileReference; lastKnownFileType = image.jpeg; name = campanile_static.JPG; path = image_assets/campanile_static.JPG; sourceTree = "<group>"; };
		0B36C099201BD28600D7B346 /* campanile_exterior.obj */ = {isa = PBXFileReference; fileEncoding = 4; lastKnownFileType = text; path = campanile_exterior.obj; sourceTree = "<group>"; };
		0B36C09A201BD28600D7B346 /* campanile_interior.obj */ = {isa = PBXFileReference; fileEncoding = 4; lastKnownFileType = text; path = campanile_interior.obj; sourceTree = "<group>"; };
		0B41E9991F72BC04001DB823 /* home_blue.png */ = {isa = PBXFileReference; lastKnownFileType = image.png; name = home_blue.png; path = image_assets/home_blue.png; sourceTree = "<group>"; };
		0B483BFA1F4DDB6F007A1D29 /* skywalk.jpg */ = {isa = PBXFileReference; lastKnownFileType = image.jpeg; name = skywalk.jpg; path = image_assets/skywalk.jpg; sourceTree = "<group>"; };
		0B483BFD1F4F1016007A1D29 /* grabbableArrow.h */ = {isa = PBXFileReference; lastKnownFileType = sourcecode.c.h; path = grabbableArrow.h; sourceTree = "<group>"; };
		0B483BFE1F4F8AF9007A1D29 /* arrow_base.obj */ = {isa = PBXFileReference; lastKnownFileType = text; path = arrow_base.obj; sourceTree = "<group>"; };
		0B483BFF1F4F8AF9007A1D29 /* arrow_tip.obj */ = {isa = PBXFileReference; lastKnownFileType = text; path = arrow_tip.obj; sourceTree = "<group>"; };
		0B483C021F4F8BF5007A1D29 /* grabbableArrow.mm */ = {isa = PBXFileReference; fileEncoding = 4; lastKnownFileType = sourcecode.cpp.objcpp; path = grabbableArrow.mm; sourceTree = "<group>"; };
		0B483C051F4F9051007A1D29 /* SceneKit.framework */ = {isa = PBXFileReference; lastKnownFileType = wrapper.framework; name = SceneKit.framework; path = System/Library/Frameworks/SceneKit.framework; sourceTree = SDKROOT; };
		0B483C071F4F9063007A1D29 /* ModelIO.framework */ = {isa = PBXFileReference; lastKnownFileType = wrapper.framework; name = ModelIO.framework; path = System/Library/Frameworks/ModelIO.framework; sourceTree = SDKROOT; };
		0B4F29B01FE0846C0067C439 /* skywalk_south_far.jpg */ = {isa = PBXFileReference; lastKnownFileType = image.jpeg; name = skywalk_south_far.jpg; path = image_assets/skywalk_south_far.jpg; sourceTree = "<group>"; };
		0B5A92BA2006BA6D00D58422 /* moment_arrow.obj */ = {isa = PBXFileReference; fileEncoding = 4; lastKnownFileType = text; path = moment_arrow.obj; sourceTree = "<group>"; };
		0B5F39DD1F843975004870DE /* Shaders.metal */ = {isa = PBXFileReference; fileEncoding = 4; lastKnownFileType = sourcecode.metal; path = Shaders.metal; sourceTree = "<group>"; };
		0B5F39E31F844CEF004870DE /* skywalk_far.dat */ = {isa = PBXFileReference; lastKnownFileType = file; name = skywalk_far.dat; path = image_assets/skywalk_far.dat; sourceTree = "<group>"; };
		0B5F39E41F844CEF004870DE /* skywalk_far.xml */ = {isa = PBXFileReference; fileEncoding = 4; lastKnownFileType = text.xml; name = skywalk_far.xml; path = image_assets/skywalk_far.xml; sourceTree = "<group>"; };
		0B6E6A9C1FCF7EB500EE7950 /* cutout_skywalk_3840x2160.png */ = {isa = PBXFileReference; lastKnownFileType = image.png; name = cutout_skywalk_3840x2160.png; path = image_assets/cutout_skywalk_3840x2160.png; sourceTree = "<group>"; };
		0B79A12C1F7ABA5300632CE4 /* OverlayLabel.mm */ = {isa = PBXFileReference; fileEncoding = 4; lastKnownFileType = sourcecode.cpp.objcpp; path = OverlayLabel.mm; sourceTree = "<group>"; };
		0B79A12D1F7ABA5300632CE4 /* OverlayLabel.h */ = {isa = PBXFileReference; fileEncoding = 4; lastKnownFileType = sourcecode.c.h; path = OverlayLabel.h; sourceTree = "<group>"; };
		0B99FF601F47A79D00431996 /* skywalkView.xib */ = {isa = PBXFileReference; fileEncoding = 4; lastKnownFileType = file.xib; path = skywalkView.xib; sourceTree = "<group>"; };
		0BAD78731F66C622003CAE93 /* PeopleVis.mm */ = {isa = PBXFileReference; fileEncoding = 4; lastKnownFileType = sourcecode.cpp.objcpp; path = PeopleVis.mm; sourceTree = "<group>"; };
		0BAD78741F66C622003CAE93 /* PeopleVis.h */ = {isa = PBXFileReference; fileEncoding = 4; lastKnownFileType = sourcecode.c.h; path = PeopleVis.h; sourceTree = "<group>"; };
		0BAD78761F66CDDE003CAE93 /* stick_man.png */ = {isa = PBXFileReference; lastKnownFileType = image.png; name = stick_man.png; path = image_assets/stick_man.png; sourceTree = "<group>"; };
		0BAD78771F66CDDE003CAE93 /* stick_woman.png */ = {isa = PBXFileReference; lastKnownFileType = image.png; name = stick_woman.png; path = image_assets/stick_woman.png; sourceTree = "<group>"; };
		0BAFBB4D1F7EBAFE007B1FC6 /* Quad.h */ = {isa = PBXFileReference; fileEncoding = 4; lastKnownFileType = sourcecode.c.h; path = Quad.h; sourceTree = "<group>"; };
		0BAFBB4E1F7EBAFE007B1FC6 /* SampleApplication3DModel.h */ = {isa = PBXFileReference; fileEncoding = 4; lastKnownFileType = sourcecode.c.h; path = SampleApplication3DModel.h; sourceTree = "<group>"; };
		0BAFBB4F1F7EBAFE007B1FC6 /* SampleApplication3DModel.m */ = {isa = PBXFileReference; fileEncoding = 4; lastKnownFileType = sourcecode.c.objc; path = SampleApplication3DModel.m; sourceTree = "<group>"; };
		0BAFBB501F7EBAFE007B1FC6 /* SampleApplicationSession.h */ = {isa = PBXFileReference; fileEncoding = 4; lastKnownFileType = sourcecode.c.h; path = SampleApplicationSession.h; sourceTree = "<group>"; };
		0BAFBB511F7EBAFE007B1FC6 /* SampleApplicationSession.mm */ = {isa = PBXFileReference; fileEncoding = 4; lastKnownFileType = sourcecode.cpp.objcpp; path = SampleApplicationSession.mm; sourceTree = "<group>"; };
		0BAFBB541F7EBAFE007B1FC6 /* SampleApplicationUtils.cpp */ = {isa = PBXFileReference; fileEncoding = 4; lastKnownFileType = sourcecode.cpp.cpp; path = SampleApplicationUtils.cpp; sourceTree = "<group>"; };
		0BAFBB551F7EBAFE007B1FC6 /* SampleApplicationUtils.h */ = {isa = PBXFileReference; fileEncoding = 4; lastKnownFileType = sourcecode.c.h; path = SampleApplicationUtils.h; sourceTree = "<group>"; };
		0BAFBB611F7EBAFE007B1FC6 /* Teapot.h */ = {isa = PBXFileReference; fileEncoding = 4; lastKnownFileType = sourcecode.c.h; path = Teapot.h; sourceTree = "<group>"; };
		0BAFBB621F7EBAFE007B1FC6 /* Texture.h */ = {isa = PBXFileReference; fileEncoding = 4; lastKnownFileType = sourcecode.c.h; path = Texture.h; sourceTree = "<group>"; };
		0BAFBB631F7EBAFE007B1FC6 /* Texture.mm */ = {isa = PBXFileReference; fileEncoding = 4; lastKnownFileType = sourcecode.cpp.objcpp; path = Texture.mm; sourceTree = "<group>"; };
		0BAFBB761F7ECD33007B1FC6 /* libVuforia.a */ = {isa = PBXFileReference; lastKnownFileType = archive.ar; name = libVuforia.a; path = "StructuralAnalysisAR/vuforia-sdk-ios/build/lib/arm/libVuforia.a"; sourceTree = "<group>"; };
		0BAFBB781F7ECF15007B1FC6 /* AVFoundation.framework */ = {isa = PBXFileReference; lastKnownFileType = wrapper.framework; name = AVFoundation.framework; path = System/Library/Frameworks/AVFoundation.framework; sourceTree = SDKROOT; };
		0BAFBB7A1F7ECF1E007B1FC6 /* CoreGraphics.framework */ = {isa = PBXFileReference; lastKnownFileType = wrapper.framework; name = CoreGraphics.framework; path = System/Library/Frameworks/CoreGraphics.framework; sourceTree = SDKROOT; };
		0BAFBB7C1F7ECF2C007B1FC6 /* Foundation.framework */ = {isa = PBXFileReference; lastKnownFileType = wrapper.framework; name = Foundation.framework; path = System/Library/Frameworks/Foundation.framework; sourceTree = SDKROOT; };
		0BAFBB7E1F7ECF4A007B1FC6 /* SystemConfiguration.framework */ = {isa = PBXFileReference; lastKnownFileType = wrapper.framework; name = SystemConfiguration.framework; path = System/Library/Frameworks/SystemConfiguration.framework; sourceTree = SDKROOT; };
		0BAFBB801F7ECF63007B1FC6 /* CoreMedia.framework */ = {isa = PBXFileReference; lastKnownFileType = wrapper.framework; name = CoreMedia.framework; path = System/Library/Frameworks/CoreMedia.framework; sourceTree = SDKROOT; };
		0BAFBB821F7ECF70007B1FC6 /* CoreMotion.framework */ = {isa = PBXFileReference; lastKnownFileType = wrapper.framework; name = CoreMotion.framework; path = System/Library/Frameworks/CoreMotion.framework; sourceTree = SDKROOT; };
		0BAFBB841F7ED394007B1FC6 /* ARView.mm */ = {isa = PBXFileReference; fileEncoding = 4; lastKnownFileType = sourcecode.cpp.objcpp; path = ARView.mm; sourceTree = "<group>"; };
		0BAFBB851F7ED394007B1FC6 /* ARView.h */ = {isa = PBXFileReference; fileEncoding = 4; lastKnownFileType = sourcecode.c.h; path = ARView.h; sourceTree = "<group>"; };
		0BB164371F4732DC0053CA3B /* StructuralAnalysisAR.app */ = {isa = PBXFileReference; explicitFileType = wrapper.application; includeInIndex = 0; path = StructuralAnalysisAR.app; sourceTree = BUILT_PRODUCTS_DIR; };
		0BB1643B1F4732DC0053CA3B /* main.m */ = {isa = PBXFileReference; lastKnownFileType = sourcecode.c.objc; path = main.m; sourceTree = "<group>"; };
		0BB1643D1F4732DC0053CA3B /* AppDelegate.h */ = {isa = PBXFileReference; lastKnownFileType = sourcecode.c.h; path = AppDelegate.h; sourceTree = "<group>"; };
		0BB1643E1F4732DC0053CA3B /* AppDelegate.m */ = {isa = PBXFileReference; lastKnownFileType = sourcecode.c.objc; path = AppDelegate.m; sourceTree = "<group>"; };
		0BB164421F4732DC0053CA3B /* GameViewController.h */ = {isa = PBXFileReference; lastKnownFileType = sourcecode.c.h; path = GameViewController.h; sourceTree = "<group>"; };
		0BB164431F4732DC0053CA3B /* GameViewController.mm */ = {isa = PBXFileReference; lastKnownFileType = sourcecode.cpp.objcpp; path = GameViewController.mm; sourceTree = "<group>"; };
		0BB164461F4732DC0053CA3B /* Base */ = {isa = PBXFileReference; lastKnownFileType = file.storyboard; name = Base; path = Base.lproj/Main.storyboard; sourceTree = "<group>"; };
		0BB164481F4732DC0053CA3B /* Assets.xcassets */ = {isa = PBXFileReference; lastKnownFileType = folder.assetcatalog; path = Assets.xcassets; sourceTree = "<group>"; };
		0BB1644B1F4732DC0053CA3B /* Base */ = {isa = PBXFileReference; lastKnownFileType = file.storyboard; name = Base; path = Base.lproj/LaunchScreen.storyboard; sourceTree = "<group>"; };
		0BB1644D1F4732DC0053CA3B /* Info.plist */ = {isa = PBXFileReference; lastKnownFileType = text.plist.xml; path = Info.plist; sourceTree = "<group>"; };
		0BB5AD0F1FD1B3C7001C78CD /* cutout_skywalk_1920x1080.png */ = {isa = PBXFileReference; lastKnownFileType = image.png; name = cutout_skywalk_1920x1080.png; path = image_assets/cutout_skywalk_1920x1080.png; sourceTree = "<group>"; };
		0BD038A21F9513B8004B65F6 /* MetalKit.framework */ = {isa = PBXFileReference; lastKnownFileType = wrapper.framework; name = MetalKit.framework; path = System/Library/Frameworks/MetalKit.framework; sourceTree = SDKROOT; };
		0BD038A41F97B38F004B65F6 /* low_clearance_sign.dat */ = {isa = PBXFileReference; lastKnownFileType = file; name = low_clearance_sign.dat; path = image_assets/low_clearance_sign.dat; sourceTree = "<group>"; };
		0BD038A51F97B38F004B65F6 /* low_clearance_sign.xml */ = {isa = PBXFileReference; fileEncoding = 4; lastKnownFileType = text.xml; name = low_clearance_sign.xml; path = image_assets/low_clearance_sign.xml; sourceTree = "<group>"; };
		0BD8F1A220090E3B00DBF55D /* CampanileSeismicScene.mm */ = {isa = PBXFileReference; lastKnownFileType = sourcecode.cpp.objcpp; path = CampanileSeismicScene.mm; sourceTree = "<group>"; };
		0BD8F1A420090E5100DBF55D /* CampanileSeismicScene.h */ = {isa = PBXFileReference; lastKnownFileType = sourcecode.c.h; path = CampanileSeismicScene.h; sourceTree = "<group>"; };
		0BD8F1A52009109800DBF55D /* campanileSeismicView.xib */ = {isa = PBXFileReference; lastKnownFileType = file.xib; name = campanileSeismicView.xib; path = StructuralAnalysisAR/campanileSeismicView.xib; sourceTree = SOURCE_ROOT; };
		0BDE98DB1FBE4D42003673F4 /* ImageMatcher.cpp */ = {isa = PBXFileReference; fileEncoding = 4; lastKnownFileType = sourcecode.cpp.cpp; path = ImageMatcher.cpp; sourceTree = "<group>"; };
		0BDE98DC1FBE4D42003673F4 /* ImageMatcher.hpp */ = {isa = PBXFileReference; fileEncoding = 4; lastKnownFileType = sourcecode.cpp.h; path = ImageMatcher.hpp; sourceTree = "<group>"; };
		0BDE98DD1FBE4D42003673F4 /* MaskedImage.hpp */ = {isa = PBXFileReference; fileEncoding = 4; lastKnownFileType = sourcecode.cpp.h; path = MaskedImage.hpp; sourceTree = "<group>"; };
		0BDE98DE1FBE4D42003673F4 /* MaskedImage.cpp */ = {isa = PBXFileReference; fileEncoding = 4; lastKnownFileType = sourcecode.cpp.cpp; path = MaskedImage.cpp; sourceTree = "<group>"; };
		0BDE98E11FBE4D7E003673F4 /* EdgeClipper.hpp */ = {isa = PBXFileReference; lastKnownFileType = sourcecode.cpp.h; path = EdgeClipper.hpp; sourceTree = "<group>"; };
		0BDE98E21FBE521C003673F4 /* cutout_skywalk_1280x720.png */ = {isa = PBXFileReference; lastKnownFileType = image.png; name = cutout_skywalk_1280x720.png; path = image_assets/cutout_skywalk_1280x720.png; sourceTree = "<group>"; };
		0BDF88E51F4B3BAE0014BFB7 /* testScene.scn */ = {isa = PBXFileReference; lastKnownFileType = file.bplist; path = testScene.scn; sourceTree = "<group>"; };
		0BE42D241F688DDA00937359 /* BezierLine.mm */ = {isa = PBXFileReference; fileEncoding = 4; lastKnownFileType = sourcecode.cpp.objcpp; path = BezierLine.mm; sourceTree = "<group>"; };
		0BE42D251F688DDA00937359 /* BezierLine.h */ = {isa = PBXFileReference; fileEncoding = 4; lastKnownFileType = sourcecode.c.h; path = BezierLine.h; sourceTree = "<group>"; };
		0BE4C5DF1FAFA95B00A501C9 /* user_prefs.plist */ = {isa = PBXFileReference; lastKnownFileType = text.plist.xml; path = user_prefs.plist; sourceTree = "<group>"; };
		0BF623AA1F58C11C001B1775 /* SpriteKit.framework */ = {isa = PBXFileReference; lastKnownFileType = wrapper.framework; name = SpriteKit.framework; path = System/Library/Frameworks/SpriteKit.framework; sourceTree = SDKROOT; };
/* End PBXFileReference section */

/* Begin PBXFrameworksBuildPhase section */
		0BB164341F4732DC0053CA3B /* Frameworks */ = {
			isa = PBXFrameworksBuildPhase;
			buildActionMask = 2147483647;
			files = (
				0B1FCD471FBDDFB6002DBE98 /* opencv2.framework in Frameworks */,
				0BD038A31F9513B8004B65F6 /* MetalKit.framework in Frameworks */,
				0B0C0E971F8D053A00A173E7 /* Metal.framework in Frameworks */,
				0B0BEE6E1F87EFD4008BC076 /* GLKit.framework in Frameworks */,
				0BAFBB831F7ECF70007B1FC6 /* CoreMotion.framework in Frameworks */,
				0BAFBB811F7ECF63007B1FC6 /* CoreMedia.framework in Frameworks */,
				0BAFBB7F1F7ECF4A007B1FC6 /* SystemConfiguration.framework in Frameworks */,
				0BAFBB7D1F7ECF2C007B1FC6 /* Foundation.framework in Frameworks */,
				0BAFBB7B1F7ECF1E007B1FC6 /* CoreGraphics.framework in Frameworks */,
				0BAFBB791F7ECF15007B1FC6 /* AVFoundation.framework in Frameworks */,
				0BAFBB771F7ECD33007B1FC6 /* libVuforia.a in Frameworks */,
				0BF623AB1F58C11C001B1775 /* SpriteKit.framework in Frameworks */,
				0B483C081F4F9063007A1D29 /* ModelIO.framework in Frameworks */,
				0B483C061F4F9051007A1D29 /* SceneKit.framework in Frameworks */,
			);
			runOnlyForDeploymentPostprocessing = 0;
		};
/* End PBXFrameworksBuildPhase section */

/* Begin PBXGroup section */
		0B03582F2000165600F75CD2 /* Scenes */ = {
			isa = PBXGroup;
			children = (
				0B03582C2000128B00F75CD2 /* StructureScene.mm */,
				0B03582D2000128B00F75CD2 /* StructureScene.h */,
				0B0358302000167100F75CD2 /* SkywalkScene.mm */,
				0B0358312000167100F75CD2 /* SkywalkScene.h */,
				0B03583320054BAA00F75CD2 /* CampanileScene.mm */,
				0B03583420054BAA00F75CD2 /* CampanileScene.h */,
				0BD8F1A220090E3B00DBF55D /* CampanileSeismicScene.mm */,
				0BD8F1A420090E5100DBF55D /* CampanileSeismicScene.h */,
			);
			path = Scenes;
			sourceTree = "<group>";
		};
		0B483BFC1F4DDB89007A1D29 /* image_assets */ = {
			isa = PBXGroup;
			children = (
				0BDE98E21FBE521C003673F4 /* cutout_skywalk_1280x720.png */,
				0BB5AD0F1FD1B3C7001C78CD /* cutout_skywalk_1920x1080.png */,
				0B6E6A9C1FCF7EB500EE7950 /* cutout_skywalk_3840x2160.png */,
				0B2AAB841FD87D4100DD477B /* skywalk_sunny_1920.png */,
				0B0CBD0E1FDB40C800A9B223 /* skywalk_1920_back.png */,
				0B0CBD131FE0547600A9B223 /* skywalk_south1.dat */,
				0B0CBD141FE0547600A9B223 /* skywalk_south1.xml */,
				0B4F29B01FE0846C0067C439 /* skywalk_south_far.jpg */,
				0BD038A41F97B38F004B65F6 /* low_clearance_sign.dat */,
				0BD038A51F97B38F004B65F6 /* low_clearance_sign.xml */,
				0B5F39E31F844CEF004870DE /* skywalk_far.dat */,
				0B5F39E41F844CEF004870DE /* skywalk_far.xml */,
				0B41E9991F72BC04001DB823 /* home_blue.png */,
				0B483BFA1F4DDB6F007A1D29 /* skywalk.jpg */,
				0BAD78761F66CDDE003CAE93 /* stick_man.png */,
				0BAD78771F66CDDE003CAE93 /* stick_woman.png */,
				0B2ACE1E2018F95800230D67 /* isuofficallogo_light.png */,
				0B2ACE1C2018F8F000230D67 /* campanile_stock_cropped.jpg */,
				0B2ACE202019259900230D67 /* campanile_static.JPG */,
			);
			name = image_assets;
			sourceTree = "<group>";
		};
		0B483C041F4F9051007A1D29 /* Frameworks */ = {
			isa = PBXGroup;
			children = (
				0B1FCD3F1FBB429F002DBE98 /* opencv2.framework */,
				0BD038A21F9513B8004B65F6 /* MetalKit.framework */,
				0B0C0E961F8D053A00A173E7 /* Metal.framework */,
				0B0BEE6D1F87EFD4008BC076 /* GLKit.framework */,
				0BAFBB821F7ECF70007B1FC6 /* CoreMotion.framework */,
				0BAFBB801F7ECF63007B1FC6 /* CoreMedia.framework */,
				0BAFBB7E1F7ECF4A007B1FC6 /* SystemConfiguration.framework */,
				0BAFBB7C1F7ECF2C007B1FC6 /* Foundation.framework */,
				0BAFBB7A1F7ECF1E007B1FC6 /* CoreGraphics.framework */,
				0BAFBB781F7ECF15007B1FC6 /* AVFoundation.framework */,
				0BAFBB761F7ECD33007B1FC6 /* libVuforia.a */,
				0BF623AA1F58C11C001B1775 /* SpriteKit.framework */,
				0B483C071F4F9063007A1D29 /* ModelIO.framework */,
				0B483C051F4F9051007A1D29 /* SceneKit.framework */,
			);
			name = Frameworks;
			sourceTree = "<group>";
		};
		0BAFBB4C1F7EBAFE007B1FC6 /* SampleApplication */ = {
			isa = PBXGroup;
			children = (
				0BAFBB4D1F7EBAFE007B1FC6 /* Quad.h */,
				0BAFBB4E1F7EBAFE007B1FC6 /* SampleApplication3DModel.h */,
				0BAFBB4F1F7EBAFE007B1FC6 /* SampleApplication3DModel.m */,
				0BAFBB501F7EBAFE007B1FC6 /* SampleApplicationSession.h */,
				0BAFBB511F7EBAFE007B1FC6 /* SampleApplicationSession.mm */,
				0BAFBB541F7EBAFE007B1FC6 /* SampleApplicationUtils.cpp */,
				0BAFBB551F7EBAFE007B1FC6 /* SampleApplicationUtils.h */,
				0BAFBB591F7EBAFE007B1FC6 /* shaders */,
				0BAFBB611F7EBAFE007B1FC6 /* Teapot.h */,
				0BAFBB621F7EBAFE007B1FC6 /* Texture.h */,
				0BAFBB631F7EBAFE007B1FC6 /* Texture.mm */,
			);
			path = SampleApplication;
			sourceTree = "<group>";
		};
		0BAFBB591F7EBAFE007B1FC6 /* shaders */ = {
			isa = PBXGroup;
			children = (
				0B5F39DD1F843975004870DE /* Shaders.metal */,
			);
			path = shaders;
			sourceTree = "<group>";
		};
		0BB1642E1F4732DC0053CA3B = {
			isa = PBXGroup;
			children = (
				0BB164391F4732DC0053CA3B /* StructuralAnalysisAR */,
				0BB164381F4732DC0053CA3B /* Products */,
				0B483C041F4F9051007A1D29 /* Frameworks */,
			);
			sourceTree = "<group>";
		};
		0BB164381F4732DC0053CA3B /* Products */ = {
			isa = PBXGroup;
			children = (
				0BB164371F4732DC0053CA3B /* StructuralAnalysisAR.app */,
			);
			name = Products;
			sourceTree = "<group>";
		};
		0BB164391F4732DC0053CA3B /* StructuralAnalysisAR */ = {
			isa = PBXGroup;
			children = (
				0B03582F2000165600F75CD2 /* Scenes */,
				0BAFBB4C1F7EBAFE007B1FC6 /* SampleApplication */,
				0B483BFC1F4DDB89007A1D29 /* image_assets */,
				0BDF88E21F4B22750014BFB7 /* 3d_assets */,
				0BB1643D1F4732DC0053CA3B /* AppDelegate.h */,
				0BB1643E1F4732DC0053CA3B /* AppDelegate.m */,
				0BB164421F4732DC0053CA3B /* GameViewController.h */,
				0BB164431F4732DC0053CA3B /* GameViewController.mm */,
				0BAFBB841F7ED394007B1FC6 /* ARView.mm */,
				0BAFBB851F7ED394007B1FC6 /* ARView.h */,
				0BB164451F4732DC0053CA3B /* Main.storyboard */,
				0B1573491F5451BF004CE1BE /* MainPageViewController.h */,
				0B15734A1F5451BF004CE1BE /* MainPageViewController.mm */,
				0BB164481F4732DC0053CA3B /* Assets.xcassets */,
				0BE4C5DF1FAFA95B00A501C9 /* user_prefs.plist */,
				0BB1644A1F4732DC0053CA3B /* LaunchScreen.storyboard */,
				0BB1644D1F4732DC0053CA3B /* Info.plist */,
				0BB1643A1F4732DC0053CA3B /* Supporting Files */,
				0B99FF601F47A79D00431996 /* skywalkView.xib */,
				0B03583620055ABB00F75CD2 /* campanileView.xib */,
				0BD8F1A52009109800DBF55D /* campanileSeismicView.xib */,
				0BDF88E51F4B3BAE0014BFB7 /* testScene.scn */,
				0B483BFD1F4F1016007A1D29 /* grabbableArrow.h */,
				0B483C021F4F8BF5007A1D29 /* grabbableArrow.mm */,
				0B1573571F55BE3C004CE1BE /* line3d.h */,
				0B1573561F55BE3C004CE1BE /* line3d.mm */,
				0BE42D251F688DDA00937359 /* BezierLine.h */,
				0BE42D241F688DDA00937359 /* BezierLine.mm */,
				0B2ACE19200E814900230D67 /* CircleArrow.mm */,
				0B2ACE1B200E815D00230D67 /* CircleArrow.h */,
				0BDE98DC1FBE4D42003673F4 /* ImageMatcher.hpp */,
				0BDE98DB1FBE4D42003673F4 /* ImageMatcher.cpp */,
				0BDE98DD1FBE4D42003673F4 /* MaskedImage.hpp */,
				0BDE98DE1FBE4D42003673F4 /* MaskedImage.cpp */,
				0B15735A1F5621C9004CE1BE /* LoadMarker.h */,
				0B1573591F5621C9004CE1BE /* LoadMarker.mm */,
				0BAD78741F66C622003CAE93 /* PeopleVis.h */,
				0BAD78731F66C622003CAE93 /* PeopleVis.mm */,
				0B79A12D1F7ABA5300632CE4 /* OverlayLabel.h */,
				0B79A12C1F7ABA5300632CE4 /* OverlayLabel.mm */,
				0B1FCD421FBB6CCF002DBE98 /* ARManager.h */,
				0B1FCD441FBCA2F2002DBE98 /* VuforiaARManager.mm */,
				0B1FCD451FBCA2F2002DBE98 /* VuforiaARManager.h */,
				0B1FCD491FBDE1C4002DBE98 /* cvARManager.h */,
				0B1FCD481FBDE1C4002DBE98 /* cvARManager.mm */,
				0BDE98E11FBE4D7E003673F4 /* EdgeClipper.hpp */,
				0B0CBD111FDF4B5800A9B223 /* StaticARManager.h */,
				0B0CBD101FDF4B5800A9B223 /* StaticARManager.mm */,
			);
			path = StructuralAnalysisAR;
			sourceTree = "<group>";
		};
		0BB1643A1F4732DC0053CA3B /* Supporting Files */ = {
			isa = PBXGroup;
			children = (
				0BB1643B1F4732DC0053CA3B /* main.m */,
			);
			name = "Supporting Files";
			sourceTree = "<group>";
		};
		0BDF88E21F4B22750014BFB7 /* 3d_assets */ = {
			isa = PBXGroup;
			children = (
				0B36C099201BD28600D7B346 /* campanile_exterior.obj */,
				0B36C09A201BD28600D7B346 /* campanile_interior.obj */,
				0B483BFE1F4F8AF9007A1D29 /* arrow_base.obj */,
				0B483BFF1F4F8AF9007A1D29 /* arrow_tip.obj */,
				0B5A92BA2006BA6D00D58422 /* moment_arrow.obj */,
			);
			path = 3d_assets;
			sourceTree = "<group>";
		};
/* End PBXGroup section */

/* Begin PBXNativeTarget section */
		0BB164361F4732DC0053CA3B /* StructuralAnalysisAR */ = {
			isa = PBXNativeTarget;
			buildConfigurationList = 0BB164501F4732DC0053CA3B /* Build configuration list for PBXNativeTarget "StructuralAnalysisAR" */;
			buildPhases = (
				0BB164331F4732DC0053CA3B /* Sources */,
				0BB164341F4732DC0053CA3B /* Frameworks */,
				0BB164351F4732DC0053CA3B /* Resources */,
			);
			buildRules = (
			);
			dependencies = (
			);
			name = StructuralAnalysisAR;
			productName = sceneKitTest;
			productReference = 0BB164371F4732DC0053CA3B /* StructuralAnalysisAR.app */;
			productType = "com.apple.product-type.application";
		};
/* End PBXNativeTarget section */

/* Begin PBXProject section */
		0BB1642F1F4732DC0053CA3B /* Project object */ = {
			isa = PBXProject;
			attributes = {
				LastUpgradeCheck = 0830;
				ORGANIZATIONNAME = "David Wehr";
				TargetAttributes = {
					0BB164361F4732DC0053CA3B = {
						CreatedOnToolsVersion = 8.3.3;
						DevelopmentTeam = 8X28YXWGUD;
						ProvisioningStyle = Automatic;
					};
				};
			};
			buildConfigurationList = 0BB164321F4732DC0053CA3B /* Build configuration list for PBXProject "StructuralAnalysisAR" */;
			compatibilityVersion = "Xcode 3.2";
			developmentRegion = English;
			hasScannedForEncodings = 0;
			knownRegions = (
				en,
				Base,
			);
			mainGroup = 0BB1642E1F4732DC0053CA3B;
			productRefGroup = 0BB164381F4732DC0053CA3B /* Products */;
			projectDirPath = "";
			projectRoot = "";
			targets = (
				0BB164361F4732DC0053CA3B /* StructuralAnalysisAR */,
			);
		};
/* End PBXProject section */

/* Begin PBXResourcesBuildPhase section */
		0BB164351F4732DC0053CA3B /* Resources */ = {
			isa = PBXResourcesBuildPhase;
			buildActionMask = 2147483647;
			files = (
				0B0CBD161FE0547700A9B223 /* skywalk_south1.xml in Resources */,
				0B0CBD151FE0547700A9B223 /* skywalk_south1.dat in Resources */,
				0BB5AD101FD1B3C8001C78CD /* cutout_skywalk_1920x1080.png in Resources */,
				0B2ACE1D2018F8F000230D67 /* campanile_stock_cropped.jpg in Resources */,
				0BD8F1A62009109800DBF55D /* campanileSeismicView.xib in Resources */,
				0B99FF611F47A79D00431996 /* skywalkView.xib in Resources */,
				0BB1644C1F4732DC0053CA3B /* LaunchScreen.storyboard in Resources */,
				0BB164491F4732DC0053CA3B /* Assets.xcassets in Resources */,
				0BB164471F4732DC0053CA3B /* Main.storyboard in Resources */,
				0BE4C5E11FAFB0E500A501C9 /* user_prefs.plist in Resources */,
				0B2ACE1F2018F95900230D67 /* isuofficallogo_light.png in Resources */,
				0BD038A61F97B38F004B65F6 /* low_clearance_sign.dat in Resources */,
				0B5F39E51F844CEF004870DE /* skywalk_far.dat in Resources */,
				0B36C09B201BD28600D7B346 /* campanile_exterior.obj in Resources */,
				0BDE98E31FBE521C003673F4 /* cutout_skywalk_1280x720.png in Resources */,
				0BDF88E61F4B3BAE0014BFB7 /* testScene.scn in Resources */,
				0BD038A71F97B38F004B65F6 /* low_clearance_sign.xml in Resources */,
				0B483BFB1F4DDB6F007A1D29 /* skywalk.jpg in Resources */,
				0B483C001F4F8AF9007A1D29 /* arrow_base.obj in Resources */,
				0B2ACE212019259900230D67 /* campanile_static.JPG in Resources */,
				0B36C09C201BD28600D7B346 /* campanile_interior.obj in Resources */,
				0B2AAB851FD87D4100DD477B /* skywalk_sunny_1920.png in Resources */,
				0B483C011F4F8AF9007A1D29 /* arrow_tip.obj in Resources */,
				0B5A92BB2006BA6D00D58422 /* moment_arrow.obj in Resources */,
				0B6E6A9D1FCF7EB500EE7950 /* cutout_skywalk_3840x2160.png in Resources */,
				0BAD78781F66CDDE003CAE93 /* stick_man.png in Resources */,
				0B03583720055ABB00F75CD2 /* campanileView.xib in Resources */,
				0BAD78791F66CDDE003CAE93 /* stick_woman.png in Resources */,
				0B4F29B11FE0846C0067C439 /* skywalk_south_far.jpg in Resources */,
				0B5F39E61F844CEF004870DE /* skywalk_far.xml in Resources */,
				0B0CBD0F1FDB40C800A9B223 /* skywalk_1920_back.png in Resources */,
				0B41E99A1F72BC04001DB823 /* home_blue.png in Resources */,
			);
			runOnlyForDeploymentPostprocessing = 0;
		};
/* End PBXResourcesBuildPhase section */

/* Begin PBXSourcesBuildPhase section */
		0BB164331F4732DC0053CA3B /* Sources */ = {
			isa = PBXSourcesBuildPhase;
			buildActionMask = 2147483647;
			files = (
				0BDE98E01FBE4D43003673F4 /* MaskedImage.cpp in Sources */,
				0B15735B1F5621C9004CE1BE /* LoadMarker.mm in Sources */,
				0B1FCD4A1FBDE1C4002DBE98 /* cvARManager.mm in Sources */,
				0BAFBB651F7EBAFE007B1FC6 /* SampleApplicationSession.mm in Sources */,
				0BAFBB671F7EBAFE007B1FC6 /* SampleApplicationUtils.cpp in Sources */,
				0BDE98DF1FBE4D43003673F4 /* ImageMatcher.cpp in Sources */,
				0BAFBB701F7EBAFE007B1FC6 /* Texture.mm in Sources */,
				0B15734B1F5451BF004CE1BE /* MainPageViewController.mm in Sources */,
				0B483C031F4F8BF5007A1D29 /* grabbableArrow.mm in Sources */,
				0B2ACE1A200E814900230D67 /* CircleArrow.mm in Sources */,
				0B5F39DE1F843975004870DE /* Shaders.metal in Sources */,
				0B1573581F55BE3C004CE1BE /* line3d.mm in Sources */,
				0BAFBB861F7ED394007B1FC6 /* ARView.mm in Sources */,
				0B0CBD121FDF4B5800A9B223 /* StaticARManager.mm in Sources */,
				0BE42D261F688DDA00937359 /* BezierLine.mm in Sources */,
				0B79A12E1F7ABA5300632CE4 /* OverlayLabel.mm in Sources */,
				0BB1643F1F4732DC0053CA3B /* AppDelegate.m in Sources */,
				0BD8F1A320090E3B00DBF55D /* CampanileSeismicScene.mm in Sources */,
				0B03582E2000128B00F75CD2 /* StructureScene.mm in Sources */,
				0B1FCD461FBCA2F2002DBE98 /* VuforiaARManager.mm in Sources */,
				0BAD78751F66C622003CAE93 /* PeopleVis.mm in Sources */,
				0B03583520054BAA00F75CD2 /* CampanileScene.mm in Sources */,
				0BB164441F4732DC0053CA3B /* GameViewController.mm in Sources */,
				0B0358322000167100F75CD2 /* SkywalkScene.mm in Sources */,
				0BAFBB641F7EBAFE007B1FC6 /* SampleApplication3DModel.m in Sources */,
				0BB1643C1F4732DC0053CA3B /* main.m in Sources */,
			);
			runOnlyForDeploymentPostprocessing = 0;
		};
/* End PBXSourcesBuildPhase section */

/* Begin PBXVariantGroup section */
		0BB164451F4732DC0053CA3B /* Main.storyboard */ = {
			isa = PBXVariantGroup;
			children = (
				0BB164461F4732DC0053CA3B /* Base */,
			);
			name = Main.storyboard;
			sourceTree = "<group>";
		};
		0BB1644A1F4732DC0053CA3B /* LaunchScreen.storyboard */ = {
			isa = PBXVariantGroup;
			children = (
				0BB1644B1F4732DC0053CA3B /* Base */,
			);
			name = LaunchScreen.storyboard;
			sourceTree = "<group>";
		};
/* End PBXVariantGroup section */

/* Begin XCBuildConfiguration section */
		0BB1644E1F4732DC0053CA3B /* Debug */ = {
			isa = XCBuildConfiguration;
			buildSettings = {
				ALWAYS_SEARCH_USER_PATHS = NO;
				CLANG_ANALYZER_NONNULL = YES;
				CLANG_ANALYZER_NUMBER_OBJECT_CONVERSION = YES_AGGRESSIVE;
				CLANG_CXX_LANGUAGE_STANDARD = "gnu++0x";
				CLANG_CXX_LIBRARY = "libc++";
				CLANG_ENABLE_MODULES = YES;
				CLANG_ENABLE_OBJC_ARC = YES;
				CLANG_WARN_BOOL_CONVERSION = YES;
				CLANG_WARN_CONSTANT_CONVERSION = YES;
				CLANG_WARN_DIRECT_OBJC_ISA_USAGE = YES_ERROR;
				CLANG_WARN_DOCUMENTATION_COMMENTS = YES;
				CLANG_WARN_EMPTY_BODY = YES;
				CLANG_WARN_ENUM_CONVERSION = YES;
				CLANG_WARN_INFINITE_RECURSION = YES;
				CLANG_WARN_INT_CONVERSION = YES;
				CLANG_WARN_OBJC_ROOT_CLASS = YES_ERROR;
				CLANG_WARN_SUSPICIOUS_MOVE = YES;
				CLANG_WARN_UNREACHABLE_CODE = YES;
				CLANG_WARN__DUPLICATE_METHOD_MATCH = YES;
				"CODE_SIGN_IDENTITY[sdk=iphoneos*]" = "iPhone Developer";
				COPY_PHASE_STRIP = NO;
				DEBUG_INFORMATION_FORMAT = dwarf;
				ENABLE_STRICT_OBJC_MSGSEND = YES;
				ENABLE_TESTABILITY = YES;
				GCC_C_LANGUAGE_STANDARD = gnu99;
				GCC_DYNAMIC_NO_PIC = NO;
				GCC_NO_COMMON_BLOCKS = YES;
				GCC_OPTIMIZATION_LEVEL = 0;
				GCC_PREPROCESSOR_DEFINITIONS = (
					"DEBUG=1",
					"$(inherited)",
				);
				GCC_WARN_64_TO_32_BIT_CONVERSION = YES;
				GCC_WARN_ABOUT_RETURN_TYPE = YES_ERROR;
				GCC_WARN_UNDECLARED_SELECTOR = YES;
				GCC_WARN_UNINITIALIZED_AUTOS = YES_AGGRESSIVE;
				GCC_WARN_UNUSED_FUNCTION = YES;
				GCC_WARN_UNUSED_VARIABLE = YES;
				IPHONEOS_DEPLOYMENT_TARGET = 10.3;
				MTL_ENABLE_DEBUG_INFO = YES;
				ONLY_ACTIVE_ARCH = YES;
				SDKROOT = iphoneos;
				TARGETED_DEVICE_FAMILY = "1,2";
			};
			name = Debug;
		};
		0BB1644F1F4732DC0053CA3B /* Release */ = {
			isa = XCBuildConfiguration;
			buildSettings = {
				ALWAYS_SEARCH_USER_PATHS = NO;
				CLANG_ANALYZER_NONNULL = YES;
				CLANG_ANALYZER_NUMBER_OBJECT_CONVERSION = YES_AGGRESSIVE;
				CLANG_CXX_LANGUAGE_STANDARD = "gnu++0x";
				CLANG_CXX_LIBRARY = "libc++";
				CLANG_ENABLE_MODULES = YES;
				CLANG_ENABLE_OBJC_ARC = YES;
				CLANG_WARN_BOOL_CONVERSION = YES;
				CLANG_WARN_CONSTANT_CONVERSION = YES;
				CLANG_WARN_DIRECT_OBJC_ISA_USAGE = YES_ERROR;
				CLANG_WARN_DOCUMENTATION_COMMENTS = YES;
				CLANG_WARN_EMPTY_BODY = YES;
				CLANG_WARN_ENUM_CONVERSION = YES;
				CLANG_WARN_INFINITE_RECURSION = YES;
				CLANG_WARN_INT_CONVERSION = YES;
				CLANG_WARN_OBJC_ROOT_CLASS = YES_ERROR;
				CLANG_WARN_SUSPICIOUS_MOVE = YES;
				CLANG_WARN_UNREACHABLE_CODE = YES;
				CLANG_WARN__DUPLICATE_METHOD_MATCH = YES;
				"CODE_SIGN_IDENTITY[sdk=iphoneos*]" = "iPhone Developer";
				COPY_PHASE_STRIP = NO;
				DEBUG_INFORMATION_FORMAT = "dwarf-with-dsym";
				ENABLE_NS_ASSERTIONS = NO;
				ENABLE_STRICT_OBJC_MSGSEND = YES;
				GCC_C_LANGUAGE_STANDARD = gnu99;
				GCC_NO_COMMON_BLOCKS = YES;
				GCC_WARN_64_TO_32_BIT_CONVERSION = YES;
				GCC_WARN_ABOUT_RETURN_TYPE = YES_ERROR;
				GCC_WARN_UNDECLARED_SELECTOR = YES;
				GCC_WARN_UNINITIALIZED_AUTOS = YES_AGGRESSIVE;
				GCC_WARN_UNUSED_FUNCTION = YES;
				GCC_WARN_UNUSED_VARIABLE = YES;
				IPHONEOS_DEPLOYMENT_TARGET = 10.3;
				MTL_ENABLE_DEBUG_INFO = NO;
				SDKROOT = iphoneos;
				TARGETED_DEVICE_FAMILY = "1,2";
				VALIDATE_PRODUCT = YES;
			};
			name = Release;
		};
		0BB164511F4732DC0053CA3B /* Debug */ = {
			isa = XCBuildConfiguration;
			buildSettings = {
				ASSETCATALOG_COMPILER_APPICON_NAME = AppIcon;
				CLANG_WARN_DOCUMENTATION_COMMENTS = NO;
				DEBUG_INFORMATION_FORMAT = "dwarf-with-dsym";
				DEVELOPMENT_TEAM = 8X28YXWGUD;
				ENABLE_BITCODE = NO;
				FRAMEWORK_SEARCH_PATHS = "~/cv_build/ios";
				GCC_INLINES_ARE_PRIVATE_EXTERN = YES;
				GCC_SYMBOLS_PRIVATE_EXTERN = YES;
				HEADER_SEARCH_PATHS = "StructuralAnalysisAR/vuforia-sdk-ios/build/include";
				INFOPLIST_FILE = StructuralAnalysisAR/Info.plist;
				IPHONEOS_DEPLOYMENT_TARGET = 10.0;
				LD_RUNPATH_SEARCH_PATHS = "$(inherited) @executable_path/Frameworks";
				LIBRARY_SEARCH_PATHS = (
					"$(inherited)",
					"$(PROJECT_DIR)/StructuralAnalysisAR/vuforia-sdk-ios/build/lib/arm",
				);
				"OTHER_CFLAGS[arch=*]" = (
					"-Wall",
					"-pedantic",
					"-g",
				);
				OTHER_CPLUSPLUSFLAGS = "$(OTHER_CFLAGS)";
				"OTHER_CPLUSPLUSFLAGS[arch=*]" = "$(OTHER_CFLAGS)";
				PRODUCT_BUNDLE_IDENTIFIER = edu.iastate.vrac.arlab.istructar;
				PRODUCT_NAME = "$(TARGET_NAME)";
				TARGETED_DEVICE_FAMILY = 2;
			};
			name = Debug;
		};
		0BB164521F4732DC0053CA3B /* Release */ = {
			isa = XCBuildConfiguration;
			buildSettings = {
				ASSETCATALOG_COMPILER_APPICON_NAME = AppIcon;
				CLANG_WARN_DOCUMENTATION_COMMENTS = NO;
				DEVELOPMENT_TEAM = 8X28YXWGUD;
				ENABLE_BITCODE = NO;
				FRAMEWORK_SEARCH_PATHS = "~/cv_build/ios";
				GCC_INLINES_ARE_PRIVATE_EXTERN = YES;
				GCC_SYMBOLS_PRIVATE_EXTERN = YES;
				HEADER_SEARCH_PATHS = "StructuralAnalysisAR/vuforia-sdk-ios/build/include";
				INFOPLIST_FILE = StructuralAnalysisAR/Info.plist;
				IPHONEOS_DEPLOYMENT_TARGET = 10.0;
				LD_RUNPATH_SEARCH_PATHS = "$(inherited) @executable_path/Frameworks";
				LIBRARY_SEARCH_PATHS = (
					"$(inherited)",
					"$(PROJECT_DIR)/StructuralAnalysisAR/vuforia-sdk-ios/build/lib/arm",
				);
				OTHER_CPLUSPLUSFLAGS = "$(OTHER_CFLAGS)";
				PRODUCT_BUNDLE_IDENTIFIER = edu.iastate.vrac.arlab.istructar;
				PRODUCT_NAME = "$(TARGET_NAME)";
				TARGETED_DEVICE_FAMILY = 2;
			};
			name = Release;
		};
/* End XCBuildConfiguration section */

/* Begin XCConfigurationList section */
		0BB164321F4732DC0053CA3B /* Build configuration list for PBXProject "StructuralAnalysisAR" */ = {
			isa = XCConfigurationList;
			buildConfigurations = (
				0BB1644E1F4732DC0053CA3B /* Debug */,
				0BB1644F1F4732DC0053CA3B /* Release */,
			);
			defaultConfigurationIsVisible = 0;
			defaultConfigurationName = Release;
		};
		0BB164501F4732DC0053CA3B /* Build configuration list for PBXNativeTarget "StructuralAnalysisAR" */ = {
			isa = XCConfigurationList;
			buildConfigurations = (
				0BB164511F4732DC0053CA3B /* Debug */,
				0BB164521F4732DC0053CA3B /* Release */,
			);
			defaultConfigurationIsVisible = 0;
			defaultConfigurationName = Release;
		};
/* End XCConfigurationList section */
	};
	rootObject = 0BB1642F1F4732DC0053CA3B /* Project object */;
}
